
Microsoft Visual Studio Solution File, Format Version 12.00
# Visual Studio 15
VisualStudioVersion = 15.0.28010.2036
MinimumVisualStudioVersion = 10.0.40219.1
Project("{FAE04EC0-301F-11D3-BF4B-00C04F79EFBC}") = "Terbilang", "Terbilang\Terbilang.csproj", "{56859096-E437-43A2-B79E-63CB5271E3A9}"
EndProject
Project("{FAE04EC0-301F-11D3-BF4B-00C04F79EFBC}") = "TBL", "TBL\TBL.csproj", "{1EAC688B-16DC-4EA4-836F-BC3185B8DEFF}"
EndProject
Global
	GlobalSection(SolutionConfigurationPlatforms) = preSolution
		Debug|Any CPU = Debug|Any CPU
		Release|Any CPU = Release|Any CPU
	EndGlobalSection
	GlobalSection(ProjectConfigurationPlatforms) = postSolution
		{56859096-E437-43A2-B79E-63CB5271E3A9}.Debug|Any CPU.ActiveCfg = Debug|Any CPU
		{56859096-E437-43A2-B79E-63CB5271E3A9}.Debug|Any CPU.Build.0 = Debug|Any CPU
		{56859096-E437-43A2-B79E-63CB5271E3A9}.Release|Any CPU.ActiveCfg = Release|Any CPU
		{56859096-E437-43A2-B79E-63CB5271E3A9}.Release|Any CPU.Build.0 = Release|Any CPU
		{1EAC688B-16DC-4EA4-836F-BC3185B8DEFF}.Debug|Any CPU.ActiveCfg = Debug|Any CPU
		{1EAC688B-16DC-4EA4-836F-BC3185B8DEFF}.Debug|Any CPU.Build.0 = Debug|Any CPU
		{1EAC688B-16DC-4EA4-836F-BC3185B8DEFF}.Release|Any CPU.ActiveCfg = Release|Any CPU
		{1EAC688B-16DC-4EA4-836F-BC3185B8DEFF}.Release|Any CPU.Build.0 = Release|Any CPU
	EndGlobalSection
	GlobalSection(SolutionProperties) = preSolution
		HideSolutionNode = FALSE
	EndGlobalSection
	GlobalSection(ExtensibilityGlobals) = postSolution
		SolutionGuid = {1DF2488A-9E30-476E-BC1F-51CBDBC178B6}
	EndGlobalSection
EndGlobal
